
Microsoft Visual Studio Solution File, Format Version 12.00
# Visual Studio 15
VisualStudioVersion = 15.0.28307.902
MinimumVisualStudioVersion = 10.0.40219.1
Project("{FAE04EC0-301F-11D3-BF4B-00C04F79EFBC}") = "C-Course-97", "C-Course-97\C-Course-97.csproj", "{E1B91D5A-2F96-49CE-A264-45C2F5A899EA}"
EndProject
Global
	GlobalSection(SolutionConfigurationPlatforms) = preSolution
		Debug|Any CPU = Debug|Any CPU
		Release|Any CPU = Release|Any CPU
	EndGlobalSection
	GlobalSection(ProjectConfigurationPlatforms) = postSolution
		{E1B91D5A-2F96-49CE-A264-45C2F5A899EA}.Debug|Any CPU.ActiveCfg = Debug|Any CPU
		{E1B91D5A-2F96-49CE-A264-45C2F5A899EA}.Debug|Any CPU.Build.0 = Debug|Any CPU
		{E1B91D5A-2F96-49CE-A264-45C2F5A899EA}.Release|Any CPU.ActiveCfg = Release|Any CPU
		{E1B91D5A-2F96-49CE-A264-45C2F5A899EA}.Release|Any CPU.Build.0 = Release|Any CPU
	EndGlobalSection
	GlobalSection(SolutionProperties) = preSolution
		HideSolutionNode = FALSE
	EndGlobalSection
	GlobalSection(ExtensibilityGlobals) = postSolution
		SolutionGuid = {37301FCC-B9AD-4B62-8CFE-3E0C2165A8E2}
	EndGlobalSection
EndGlobal
